
Microsoft Visual Studio Solution File, Format Version 12.00
# Visual Studio Version 17
VisualStudioVersion = 17.9.34902.65
MinimumVisualStudioVersion = 10.0.40219.1
Project("{FAE04EC0-301F-11D3-BF4B-00C04F79EFBC}") = "Latih8_WinformEvent", "Latih8_WinformEvent.csproj", "{1CAB1E56-E492-417B-81E6-22DBB0040A0E}"
EndProject
Global
	GlobalSection(SolutionConfigurationPlatforms) = preSolution
		Debug|Any CPU = Debug|Any CPU
		Release|Any CPU = Release|Any CPU
	EndGlobalSection
	GlobalSection(ProjectConfigurationPlatforms) = postSolution
		{1CAB1E56-E492-417B-81E6-22DBB0040A0E}.Debug|Any CPU.ActiveCfg = Debug|Any CPU
		{1CAB1E56-E492-417B-81E6-22DBB0040A0E}.Debug|Any CPU.Build.0 = Debug|Any CPU
		{1CAB1E56-E492-417B-81E6-22DBB0040A0E}.Release|Any CPU.ActiveCfg = Release|Any CPU
		{1CAB1E56-E492-417B-81E6-22DBB0040A0E}.Release|Any CPU.Build.0 = Release|Any CPU
	EndGlobalSection
	GlobalSection(SolutionProperties) = preSolution
		HideSolutionNode = FALSE
	EndGlobalSection
	GlobalSection(ExtensibilityGlobals) = postSolution
		SolutionGuid = {226398D8-F3AD-493C-A8D9-33C6EA54A597}
	EndGlobalSection
EndGlobal
